
Microsoft Visual Studio Solution File, Format Version 12.00
# Visual Studio Version 17
VisualStudioVersion = 17.13.35931.197 d17.13
MinimumVisualStudioVersion = 10.0.40219.1
Project("{FAE04EC0-301F-11D3-BF4B-00C04F79EFBC}") = "Wk5Ex1Redo", "Wk5Ex1Redo\Wk5Ex1Redo.csproj", "{AECF7B50-4F2E-4306-B515-8C9EB60589B9}"
EndProject
Global
	GlobalSection(SolutionConfigurationPlatforms) = preSolution
		Debug|Any CPU = Debug|Any CPU
		Release|Any CPU = Release|Any CPU
	EndGlobalSection
	GlobalSection(ProjectConfigurationPlatforms) = postSolution
		{AECF7B50-4F2E-4306-B515-8C9EB60589B9}.Debug|Any CPU.ActiveCfg = Debug|Any CPU
		{AECF7B50-4F2E-4306-B515-8C9EB60589B9}.Debug|Any CPU.Build.0 = Debug|Any CPU
		{AECF7B50-4F2E-4306-B515-8C9EB60589B9}.Release|Any CPU.ActiveCfg = Release|Any CPU
		{AECF7B50-4F2E-4306-B515-8C9EB60589B9}.Release|Any CPU.Build.0 = Release|Any CPU
	EndGlobalSection
	GlobalSection(SolutionProperties) = preSolution
		HideSolutionNode = FALSE
	EndGlobalSection
	GlobalSection(ExtensibilityGlobals) = postSolution
		SolutionGuid = {1877F406-02B2-4B2B-B31E-66608538F402}
	EndGlobalSection
EndGlobal
